
Microsoft Visual Studio Solution File, Format Version 12.00
# Visual Studio Version 16
VisualStudioVersion = 16.0.30503.244
MinimumVisualStudioVersion = 10.0.40219.1
Project("{FAE04EC0-301F-11D3-BF4B-00C04F79EFBC}") = "DebtCalc", "DebtCalc\DebtCalc.csproj", "{6DADBDBF-B2AF-4FDF-8A0D-C5F51A10215E}"
EndProject
Global
	GlobalSection(SolutionConfigurationPlatforms) = preSolution
		Debug|Any CPU = Debug|Any CPU
		Release|Any CPU = Release|Any CPU
	EndGlobalSection
	GlobalSection(ProjectConfigurationPlatforms) = postSolution
		{6DADBDBF-B2AF-4FDF-8A0D-C5F51A10215E}.Debug|Any CPU.ActiveCfg = Debug|Any CPU
		{6DADBDBF-B2AF-4FDF-8A0D-C5F51A10215E}.Debug|Any CPU.Build.0 = Debug|Any CPU
		{6DADBDBF-B2AF-4FDF-8A0D-C5F51A10215E}.Release|Any CPU.ActiveCfg = Release|Any CPU
		{6DADBDBF-B2AF-4FDF-8A0D-C5F51A10215E}.Release|Any CPU.Build.0 = Release|Any CPU
	EndGlobalSection
	GlobalSection(SolutionProperties) = preSolution
		HideSolutionNode = FALSE
	EndGlobalSection
	GlobalSection(ExtensibilityGlobals) = postSolution
		SolutionGuid = {B436581F-D0CD-4F73-92A8-4CFC73735AC4}
	EndGlobalSection
EndGlobal
